
Microsoft Visual Studio Solution File, Format Version 12.00
# Visual Studio Version 17
VisualStudioVersion = 17.9.34728.123
MinimumVisualStudioVersion = 10.0.40219.1
Project("{9A19103F-16F7-4668-BE54-9A1E7A4F7556}") = "ProjectClinicManagement", "ProjectClinicManagement\ProjectClinicManagement.csproj", "{C7A1DDAE-0286-43C7-9EE8-D61075D0D025}"
EndProject
Global
	GlobalSection(SolutionConfigurationPlatforms) = preSolution
		Debug|Any CPU = Debug|Any CPU
		Release|Any CPU = Release|Any CPU
	EndGlobalSection
	GlobalSection(ProjectConfigurationPlatforms) = postSolution
		{C7A1DDAE-0286-43C7-9EE8-D61075D0D025}.Debug|Any CPU.ActiveCfg = Debug|Any CPU
		{C7A1DDAE-0286-43C7-9EE8-D61075D0D025}.Debug|Any CPU.Build.0 = Debug|Any CPU
		{C7A1DDAE-0286-43C7-9EE8-D61075D0D025}.Release|Any CPU.ActiveCfg = Release|Any CPU
		{C7A1DDAE-0286-43C7-9EE8-D61075D0D025}.Release|Any CPU.Build.0 = Release|Any CPU
	EndGlobalSection
	GlobalSection(SolutionProperties) = preSolution
		HideSolutionNode = FALSE
	EndGlobalSection
	GlobalSection(ExtensibilityGlobals) = postSolution
		SolutionGuid = {F3A44CD3-E7E5-46AD-A0DB-2682A6497723}
	EndGlobalSection
EndGlobal
